{
  "version": 4,
  "terraform_version": "1.5.7",
  "serial": 70,
  "lineage": "828511e8-daa9-5796-de28-76500bd4b9f3",
  "outputs": {
    "aws_account_number": {
      "value": "006217752970",
      "type": "string"
    },
    "backend_public_ip": {
      "value": "54.234.148.101",
      "type": "string"
    },
    "backend_url": {
      "value": "http://54.234.148.101:8080",
      "type": "string"
    },
    "datadog_aws_role_name": {
      "value": "DatadogIntegrationRole",
      "type": "string"
    },
    "datadog_integration_external_id": {
      "value": "FVvWwgjFfQRckOAnRugR4OPLuRgOU1fD",
      "type": "string",
      "sensitive": true
    },
    "datadog_integration_role_arn": {
      "value": "arn:aws:iam::006217752970:role/DatadogIntegrationRole",
      "type": "string"
    },
    "datadog_integration_setup_instructions": {
      "value": "To set up the Datadog AWS integration manually:\n    \n1. Log in to your Datadog account\n2. Go to Integrations \u003e AWS\n3. Click on \"Add an AWS Account\" \n4. Use the following values:\n   - AWS Account ID: 006217752970\n   - Role Name: DatadogIntegrationRole\n   - External ID: FVvWwgjFfQRckOAnRugR4OPLuRgOU1fD\n    \nFor more detailed instructions, refer to the docs/DATADOG_INTEGRATION.md file.\n\n",
      "type": "string"
    },
    "frontend_public_ip": {
      "value": "54.211.129.205",
      "type": "string"
    },
    "frontend_url": {
      "value": "http://54.211.129.205:3000",
      "type": "string"
    },
    "s3_bucket_name": {
      "value": "lti-recruiter-code-bucket-unique",
      "type": "string"
    },
    "test_server_ip": {
      "value": "34.238.247.150",
      "type": "string"
    },
    "test_server_url": {
      "value": "http://34.238.247.150",
      "type": "string"
    }
  },
  "resources": [
    {
      "mode": "data",
      "type": "aws_caller_identity",
      "name": "current",
      "provider": "provider[\"registry.terraform.io/hashicorp/aws\"]",
      "instances": [
        {
          "schema_version": 0,
          "attributes": {
            "account_id": "006217752970",
            "arn": "arn:aws:iam::006217752970:user/gelso",
            "id": "006217752970",
            "user_id": "AIDAQC4U3MGFBQUM47TMF"
          },
          "sensitive_attributes": []
        }
      ]
    },
    {
      "mode": "data",
      "type": "aws_iam_policy_document",
      "name": "s3_access_policy",
      "provider": "provider[\"registry.terraform.io/hashicorp/aws\"]",
      "instances": [
        {
          "schema_version": 0,
          "attributes": {
            "id": "264056455",
            "json": "{\n  \"Version\": \"2012-10-17\",\n  \"Statement\": [\n    {\n      \"Effect\": \"Allow\",\n      \"Action\": [\n        \"s3:ListBucket\",\n        \"s3:GetObject\"\n      ],\n      \"Resource\": [\n        \"arn:aws:s3:::lti-recruiter-code-bucket-unique/*\",\n        \"arn:aws:s3:::lti-recruiter-code-bucket-unique\"\n      ]\n    }\n  ]\n}",
            "minified_json": "{\"Version\":\"2012-10-17\",\"Statement\":[{\"Effect\":\"Allow\",\"Action\":[\"s3:ListBucket\",\"s3:GetObject\"],\"Resource\":[\"arn:aws:s3:::lti-recruiter-code-bucket-unique/*\",\"arn:aws:s3:::lti-recruiter-code-bucket-unique\"]}]}",
            "override_json": null,
            "override_policy_documents": null,
            "policy_id": null,
            "source_json": null,
            "source_policy_documents": null,
            "statement": [
              {
                "actions": [
                  "s3:GetObject",
                  "s3:ListBucket"
                ],
                "condition": [],
                "effect": "Allow",
                "not_actions": [],
                "not_principals": [],
                "not_resources": [],
                "principals": [],
                "resources": [
                  "arn:aws:s3:::lti-recruiter-code-bucket-unique",
                  "arn:aws:s3:::lti-recruiter-code-bucket-unique/*"
                ],
                "sid": ""
              }
            ],
            "version": "2012-10-17"
          },
          "sensitive_attributes": []
        }
      ]
    },
    {
      "mode": "managed",
      "type": "aws_iam_instance_profile",
      "name": "ec2_instance_profile",
      "provider": "provider[\"registry.terraform.io/hashicorp/aws\"]",
      "instances": [
        {
          "schema_version": 0,
          "attributes": {
            "arn": "arn:aws:iam::006217752970:instance-profile/lti-recruiter-ec2-instance-profile",
            "create_date": "2025-05-25T10:45:28Z",
            "id": "lti-recruiter-ec2-instance-profile",
            "name": "lti-recruiter-ec2-instance-profile",
            "name_prefix": "",
            "path": "/",
            "role": "lti-recruiter-ec2-role",
            "tags": {},
            "tags_all": {},
            "unique_id": "AIPAQC4U3MGFJSSHYSFDR"
          },
          "sensitive_attributes": [],
          "private": "bnVsbA==",
          "dependencies": [
            "aws_iam_role.ec2_role"
          ]
        }
      ]
    },
    {
      "mode": "managed",
      "type": "aws_iam_policy",
      "name": "datadog_integration_policy",
      "provider": "provider[\"registry.terraform.io/hashicorp/aws\"]",
      "instances": [
        {
          "schema_version": 0,
          "attributes": {
            "arn": "arn:aws:iam::006217752970:policy/DatadogIntegrationPolicy",
            "attachment_count": 1,
            "description": "Policy allowing Datadog to collect metrics and metadata from AWS services",
            "id": "arn:aws:iam::006217752970:policy/DatadogIntegrationPolicy",
            "name": "DatadogIntegrationPolicy",
            "name_prefix": "",
            "path": "/",
            "policy": "{\"Statement\":[{\"Action\":[\"apigateway:GET\",\"aoss:BatchGetCollection\",\"aoss:ListCollections\",\"autoscaling:Describe*\",\"backup:List*\",\"bcm-data-exports:GetExport\",\"bcm-data-exports:ListExports\",\"bedrock:GetAgent\",\"bedrock:GetAgentAlias\",\"bedrock:GetFlow\",\"bedrock:GetFlowAlias\",\"bedrock:GetGuardrail\",\"bedrock:GetImportedModel\",\"bedrock:GetInferenceProfile\",\"bedrock:GetMarketplaceModelEndpoint\",\"bedrock:ListAgentAliases\",\"bedrock:ListAgents\",\"bedrock:ListFlowAliases\",\"bedrock:ListFlows\",\"bedrock:ListGuardrails\",\"bedrock:ListImportedModels\",\"bedrock:ListInferenceProfiles\",\"bedrock:ListMarketplaceModelEndpoints\",\"bedrock:ListPromptRouters\",\"bedrock:ListProvisionedModelThroughputs\",\"budgets:ViewBudget\",\"cassandra:Select\",\"cloudfront:GetDistributionConfig\",\"cloudfront:ListDistributions\",\"cloudtrail:DescribeTrails\",\"cloudtrail:GetTrailStatus\",\"cloudtrail:LookupEvents\",\"cloudwatch:Describe*\",\"cloudwatch:Get*\",\"cloudwatch:List*\",\"codeartifact:DescribeDomain\",\"codeartifact:DescribePackageGroup\",\"codeartifact:DescribeRepository\",\"codeartifact:ListDomains\",\"codeartifact:ListPackageGroups\",\"codeartifact:ListPackages\",\"codedeploy:BatchGet*\",\"codedeploy:List*\",\"codepipeline:ListWebhooks\",\"cur:DescribeReportDefinitions\",\"directconnect:Describe*\",\"dynamodb:Describe*\",\"dynamodb:List*\",\"ec2:Describe*\",\"ec2:GetAllowedImagesSettings\",\"ec2:GetEbsDefaultKmsKeyId\",\"ec2:GetInstanceMetadataDefaults\",\"ec2:GetSerialConsoleAccessStatus\",\"ec2:GetSnapshotBlockPublicAccessState\",\"ec2:GetTransitGatewayPrefixListReferences\",\"ec2:SearchTransitGatewayRoutes\",\"ecs:Describe*\",\"ecs:List*\",\"elasticache:Describe*\",\"elasticache:List*\",\"elasticfilesystem:DescribeAccessPoints\",\"elasticfilesystem:DescribeFileSystems\",\"elasticfilesystem:DescribeTags\",\"elasticloadbalancing:Describe*\",\"elasticmapreduce:Describe*\",\"elasticmapreduce:List*\",\"emr-containers:ListManagedEndpoints\",\"emr-containers:ListSecurityConfigurations\",\"emr-containers:ListVirtualClusters\",\"es:DescribeElasticsearchDomains\",\"es:ListDomainNames\",\"es:ListTags\",\"events:CreateEventBus\",\"fsx:DescribeFileSystems\",\"fsx:ListTagsForResource\",\"glacier:GetVaultNotifications\",\"glue:ListRegistries\",\"grafana:DescribeWorkspace\",\"greengrass:GetComponent\",\"greengrass:GetConnectivityInfo\",\"greengrass:GetCoreDevice\",\"greengrass:GetDeployment\",\"health:DescribeAffectedEntities\",\"health:DescribeEventDetails\",\"health:DescribeEvents\",\"kinesis:Describe*\",\"kinesis:List*\",\"lambda:GetPolicy\",\"lambda:List*\",\"lightsail:GetInstancePortStates\",\"logs:DeleteSubscriptionFilter\",\"logs:DescribeLogGroups\",\"logs:DescribeLogStreams\",\"logs:DescribeSubscriptionFilters\",\"logs:FilterLogEvents\",\"logs:PutSubscriptionFilter\",\"logs:TestMetricFilter\",\"macie2:GetAllowList\",\"macie2:GetCustomDataIdentifier\",\"macie2:ListAllowLists\",\"macie2:ListCustomDataIdentifiers\",\"macie2:ListMembers\",\"macie2:GetMacieSession\",\"managedblockchain:GetAccessor\",\"managedblockchain:GetMember\",\"managedblockchain:GetNetwork\",\"managedblockchain:GetNode\",\"managedblockchain:GetProposal\",\"managedblockchain:ListAccessors\",\"managedblockchain:ListInvitations\",\"managedblockchain:ListMembers\",\"managedblockchain:ListNodes\",\"managedblockchain:ListProposals\",\"memorydb:DescribeAcls\",\"memorydb:DescribeMultiRegionClusters\",\"memorydb:DescribeParameterGroups\",\"memorydb:DescribeReservedNodes\",\"memorydb:DescribeSnapshots\",\"memorydb:DescribeSubnetGroups\",\"memorydb:DescribeUsers\",\"oam:ListAttachedLinks\",\"oam:ListSinks\",\"organizations:Describe*\",\"organizations:List*\",\"osis:GetPipeline\",\"osis:GetPipelineBlueprint\",\"osis:ListPipelineBlueprints\",\"osis:ListPipelines\",\"proton:GetComponent\",\"proton:GetDeployment\",\"proton:GetEnvironment\",\"proton:GetEnvironmentAccountConnection\",\"proton:GetEnvironmentTemplate\",\"proton:GetEnvironmentTemplateVersion\",\"proton:GetRepository\",\"proton:GetService\",\"proton:GetServiceInstance\",\"proton:GetServiceTemplate\",\"proton:GetServiceTemplateVersion\",\"proton:ListComponents\",\"proton:ListDeployments\",\"proton:ListEnvironmentAccountConnections\",\"proton:ListEnvironmentTemplateVersions\",\"proton:ListEnvironmentTemplates\",\"proton:ListEnvironments\",\"proton:ListRepositories\",\"proton:ListServiceInstances\",\"proton:ListServiceTemplateVersions\",\"proton:ListServiceTemplates\",\"proton:ListServices\",\"qldb:ListJournalKinesisStreamsForLedger\",\"rds:Describe*\",\"rds:List*\",\"redshift:DescribeClusters\",\"redshift:DescribeLoggingStatus\",\"redshift-serverless:ListEndpointAccess\",\"redshift-serverless:ListManagedWorkgroups\",\"redshift-serverless:ListNamespaces\",\"redshift-serverless:ListRecoveryPoints\",\"redshift-serverless:ListSnapshots\",\"route53:List*\",\"s3:GetBucketLocation\",\"s3:GetBucketLogging\",\"s3:GetBucketNotification\",\"s3:GetBucketTagging\",\"s3:ListAccessGrants\",\"s3:ListAllMyBuckets\",\"s3:PutBucketNotification\",\"s3express:GetBucketPolicy\",\"s3express:GetEncryptionConfiguration\",\"s3express:ListAllMyDirectoryBuckets\",\"s3tables:GetTableBucketMaintenanceConfiguration\",\"s3tables:ListTableBuckets\",\"s3tables:ListTables\",\"savingsplans:DescribeSavingsPlanRates\",\"savingsplans:DescribeSavingsPlans\",\"secretsmanager:GetResourcePolicy\",\"ses:Get*\",\"ses:ListAddonInstances\",\"ses:ListAddonSubscriptions\",\"ses:ListAddressLists\",\"ses:ListArchives\",\"ses:ListContactLists\",\"ses:ListCustomVerificationEmailTemplates\",\"ses:ListMultiRegionEndpoints\",\"ses:ListIngressPoints\",\"ses:ListRelays\",\"ses:ListRuleSets\",\"ses:ListTemplates\",\"ses:ListTrafficPolicies\",\"sns:GetSubscriptionAttributes\",\"sns:List*\",\"sns:Publish\",\"sqs:ListQueues\",\"states:DescribeStateMachine\",\"states:ListStateMachines\",\"support:DescribeTrustedAdvisor*\",\"support:RefreshTrustedAdvisorCheck\",\"tag:GetResources\",\"tag:GetTagKeys\",\"tag:GetTagValues\",\"timestream:DescribeEndpoints\",\"timestream:ListTables\",\"waf-regional:GetRule\",\"waf-regional:GetRuleGroup\",\"waf-regional:ListRuleGroups\",\"waf-regional:ListRules\",\"waf:GetRule\",\"waf:GetRuleGroup\",\"waf:ListRuleGroups\",\"waf:ListRules\",\"wafv2:GetIPSet\",\"wafv2:GetLoggingConfiguration\",\"wafv2:GetRegexPatternSet\",\"wafv2:GetRuleGroup\",\"wafv2:ListLoggingConfigurations\",\"workmail:DescribeOrganization\",\"workmail:ListOrganizations\",\"xray:BatchGetTraces\",\"xray:GetTraceSummaries\"],\"Effect\":\"Allow\",\"Resource\":\"*\"}],\"Version\":\"2012-10-17\"}",
            "policy_id": "ANPAQC4U3MGFG65WATSEP",
            "tags": {},
            "tags_all": {}
          },
          "sensitive_attributes": [],
          "private": "bnVsbA=="
        }
      ]
    },
    {
      "mode": "managed",
      "type": "aws_iam_policy",
      "name": "s3_access_policy",
      "provider": "provider[\"registry.terraform.io/hashicorp/aws\"]",
      "instances": [
        {
          "schema_version": 0,
          "attributes": {
            "arn": "arn:aws:iam::006217752970:policy/lti-recruiter-s3-access-policy",
            "attachment_count": 1,
            "description": "",
            "id": "arn:aws:iam::006217752970:policy/lti-recruiter-s3-access-policy",
            "name": "lti-recruiter-s3-access-policy",
            "name_prefix": "",
            "path": "/",
            "policy": "{\"Statement\":[{\"Action\":[\"s3:ListBucket\",\"s3:GetObject\"],\"Effect\":\"Allow\",\"Resource\":[\"arn:aws:s3:::lti-recruiter-code-bucket-unique/*\",\"arn:aws:s3:::lti-recruiter-code-bucket-unique\"]}],\"Version\":\"2012-10-17\"}",
            "policy_id": "ANPAQC4U3MGFPVVEISDYY",
            "tags": {},
            "tags_all": {}
          },
          "sensitive_attributes": [],
          "private": "bnVsbA==",
          "dependencies": [
            "aws_s3_bucket.code_bucket",
            "data.aws_iam_policy_document.s3_access_policy"
          ]
        }
      ]
    },
    {
      "mode": "managed",
      "type": "aws_iam_role",
      "name": "datadog_integration_role",
      "provider": "provider[\"registry.terraform.io/hashicorp/aws\"]",
      "instances": [
        {
          "schema_version": 0,
          "attributes": {
            "arn": "arn:aws:iam::006217752970:role/DatadogIntegrationRole",
            "assume_role_policy": "{\"Statement\":[{\"Action\":\"sts:AssumeRole\",\"Condition\":{\"StringEquals\":{\"sts:ExternalId\":\"FVvWwgjFfQRckOAnRugR4OPLuRgOU1fD\"}},\"Effect\":\"Allow\",\"Principal\":{\"AWS\":\"arn:aws:iam::464622532012:root\"}}],\"Version\":\"2012-10-17\"}",
            "create_date": "2025-05-25T20:56:44Z",
            "description": "",
            "force_detach_policies": false,
            "id": "DatadogIntegrationRole",
            "inline_policy": [],
            "managed_policy_arns": [
              "arn:aws:iam::006217752970:policy/DatadogIntegrationPolicy",
              "arn:aws:iam::aws:policy/SecurityAudit"
            ],
            "max_session_duration": 3600,
            "name": "DatadogIntegrationRole",
            "name_prefix": "",
            "path": "/",
            "permissions_boundary": "",
            "tags": {
              "Environment": "dev",
              "Project": "aws-datadog-monitoring",
              "Terraform": "true"
            },
            "tags_all": {
              "Environment": "dev",
              "Project": "aws-datadog-monitoring",
              "Terraform": "true"
            },
            "unique_id": "AROAQC4U3MGFEONSXMGQM"
          },
          "sensitive_attributes": [],
          "private": "bnVsbA==",
          "dependencies": [
            "random_string.datadog_external_id"
          ]
        }
      ]
    },
    {
      "mode": "managed",
      "type": "aws_iam_role",
      "name": "ec2_role",
      "provider": "provider[\"registry.terraform.io/hashicorp/aws\"]",
      "instances": [
        {
          "schema_version": 0,
          "attributes": {
            "arn": "arn:aws:iam::006217752970:role/lti-recruiter-ec2-role",
            "assume_role_policy": "{\"Statement\":[{\"Action\":\"sts:AssumeRole\",\"Effect\":\"Allow\",\"Principal\":{\"Service\":\"ec2.amazonaws.com\"},\"Sid\":\"\"}],\"Version\":\"2012-10-17\"}",
            "create_date": "2025-05-25T10:45:25Z",
            "description": "",
            "force_detach_policies": false,
            "id": "lti-recruiter-ec2-role",
            "inline_policy": [],
            "managed_policy_arns": [
              "arn:aws:iam::006217752970:policy/lti-recruiter-s3-access-policy"
            ],
            "max_session_duration": 3600,
            "name": "lti-recruiter-ec2-role",
            "name_prefix": "",
            "path": "/",
            "permissions_boundary": "",
            "tags": {},
            "tags_all": {},
            "unique_id": "AROAQC4U3MGFDWRO26QJV"
          },
          "sensitive_attributes": [],
          "private": "bnVsbA=="
        }
      ]
    },
    {
      "mode": "managed",
      "type": "aws_iam_role_policy_attachment",
      "name": "attach_s3_access_policy",
      "provider": "provider[\"registry.terraform.io/hashicorp/aws\"]",
      "instances": [
        {
          "schema_version": 0,
          "attributes": {
            "id": "lti-recruiter-ec2-role-20250525104540650500000003",
            "policy_arn": "arn:aws:iam::006217752970:policy/lti-recruiter-s3-access-policy",
            "role": "lti-recruiter-ec2-role"
          },
          "sensitive_attributes": [],
          "private": "bnVsbA==",
          "dependencies": [
            "aws_iam_policy.s3_access_policy",
            "aws_iam_role.ec2_role",
            "aws_s3_bucket.code_bucket",
            "data.aws_iam_policy_document.s3_access_policy"
          ]
        }
      ]
    },
    {
      "mode": "managed",
      "type": "aws_iam_role_policy_attachment",
      "name": "datadog_aws_integration_security_audit",
      "provider": "provider[\"registry.terraform.io/hashicorp/aws\"]",
      "instances": [
        {
          "schema_version": 0,
          "attributes": {
            "id": "DatadogIntegrationRole-20250525235017880600000001",
            "policy_arn": "arn:aws:iam::aws:policy/SecurityAudit",
            "role": "DatadogIntegrationRole"
          },
          "sensitive_attributes": [],
          "private": "bnVsbA==",
          "dependencies": [
            "aws_iam_role.datadog_integration_role",
            "random_string.datadog_external_id"
          ]
        }
      ]
    },
    {
      "mode": "managed",
      "type": "aws_iam_role_policy_attachment",
      "name": "datadog_policy_attachment",
      "provider": "provider[\"registry.terraform.io/hashicorp/aws\"]",
      "instances": [
        {
          "schema_version": 0,
          "attributes": {
            "id": "DatadogIntegrationRole-20250525205644865700000001",
            "policy_arn": "arn:aws:iam::006217752970:policy/DatadogIntegrationPolicy",
            "role": "DatadogIntegrationRole"
          },
          "sensitive_attributes": [],
          "private": "bnVsbA==",
          "dependencies": [
            "aws_iam_policy.datadog_integration_policy",
            "aws_iam_role.datadog_integration_role",
            "random_string.datadog_external_id"
          ]
        }
      ]
    },
    {
      "mode": "managed",
      "type": "aws_instance",
      "name": "backend",
      "provider": "provider[\"registry.terraform.io/hashicorp/aws\"]",
      "instances": [
        {
          "status": "tainted",
          "schema_version": 1,
          "attributes": {
            "ami": "ami-09f4814ae750baed6",
            "arn": "arn:aws:ec2:us-east-1:006217752970:instance/i-060b7fa062c5193e9",
            "associate_public_ip_address": true,
            "availability_zone": "us-east-1d",
            "capacity_reservation_specification": [
              {
                "capacity_reservation_preference": "open",
                "capacity_reservation_target": []
              }
            ],
            "cpu_core_count": 1,
            "cpu_options": [
              {
                "amd_sev_snp": "",
                "core_count": 1,
                "threads_per_core": 1
              }
            ],
            "cpu_threads_per_core": 1,
            "credit_specification": [
              {
                "cpu_credits": "standard"
              }
            ],
            "disable_api_stop": false,
            "disable_api_termination": false,
            "ebs_block_device": [],
            "ebs_optimized": false,
            "enable_primary_ipv6": null,
            "enclave_options": [
              {
                "enabled": false
              }
            ],
            "ephemeral_block_device": [],
            "get_password_data": false,
            "hibernation": false,
            "host_id": "",
            "host_resource_group_arn": null,
            "iam_instance_profile": "lti-recruiter-ec2-instance-profile",
            "id": "i-060b7fa062c5193e9",
            "instance_initiated_shutdown_behavior": "stop",
            "instance_lifecycle": "",
            "instance_market_options": [],
            "instance_state": "running",
            "instance_type": "t2.micro",
            "ipv6_address_count": 0,
            "ipv6_addresses": [],
            "key_name": "",
            "launch_template": [],
            "maintenance_options": [
              {
                "auto_recovery": "default"
              }
            ],
            "metadata_options": [
              {
                "http_endpoint": "enabled",
                "http_protocol_ipv6": "disabled",
                "http_put_response_hop_limit": 1,
                "http_tokens": "optional",
                "instance_metadata_tags": "disabled"
              }
            ],
            "monitoring": false,
            "network_interface": [],
            "outpost_arn": "",
            "password_data": "",
            "placement_group": "",
            "placement_partition_number": 0,
            "primary_network_interface_id": "eni-0a7b5a63126fa5ffb",
            "private_dns": "ip-172-31-89-57.ec2.internal",
            "private_dns_name_options": [
              {
                "enable_resource_name_dns_a_record": false,
                "enable_resource_name_dns_aaaa_record": false,
                "hostname_type": "ip-name"
              }
            ],
            "private_ip": "172.31.89.57",
            "public_dns": "ec2-54-234-148-101.compute-1.amazonaws.com",
            "public_ip": "54.234.148.101",
            "root_block_device": [
              {
                "delete_on_termination": true,
                "device_name": "/dev/xvda",
                "encrypted": false,
                "iops": 100,
                "kms_key_id": "",
                "tags": {},
                "tags_all": {},
                "throughput": 0,
                "volume_id": "vol-0e249397a588c1ed9",
                "volume_size": 8,
                "volume_type": "gp2"
              }
            ],
            "secondary_private_ips": [],
            "security_groups": [
              "lti-recruiter-backend-sg"
            ],
            "source_dest_check": true,
            "spot_instance_request_id": "",
            "subnet_id": "subnet-064f6605c6acd2d6d",
            "tags": {
              "ForceRecreate": "true",
              "Name": "lti-recruiter-backend"
            },
            "tags_all": {
              "ForceRecreate": "true",
              "Name": "lti-recruiter-backend"
            },
            "tenancy": "default",
            "timeouts": null,
            "user_data": "b4bd7e9e305dec7f2f1041b35e47a66c9b453df2",
            "user_data_base64": null,
            "user_data_replace_on_change": false,
            "volume_tags": null,
            "vpc_security_group_ids": [
              "sg-0cb5c3cc8b78ff13b"
            ]
          },
          "sensitive_attributes": [],
          "private": "eyJlMmJmYjczMC1lY2FhLTExZTYtOGY4OC0zNDM2M2JjN2M0YzAiOnsiY3JlYXRlIjo2MDAwMDAwMDAwMDAsImRlbGV0ZSI6MTIwMDAwMDAwMDAwMCwicmVhZCI6OTAwMDAwMDAwMDAwLCJ1cGRhdGUiOjYwMDAwMDAwMDAwMH0sInNjaGVtYV92ZXJzaW9uIjoiMSJ9",
          "dependencies": [
            "aws_iam_instance_profile.ec2_instance_profile",
            "aws_security_group.backend_sg"
          ]
        }
      ]
    },
    {
      "mode": "managed",
      "type": "aws_instance",
      "name": "frontend",
      "provider": "provider[\"registry.terraform.io/hashicorp/aws\"]",
      "instances": [
        {
          "status": "tainted",
          "schema_version": 1,
          "attributes": {
            "ami": "ami-09f4814ae750baed6",
            "arn": "arn:aws:ec2:us-east-1:006217752970:instance/i-04e359b34e5a33b83",
            "associate_public_ip_address": true,
            "availability_zone": "us-east-1d",
            "capacity_reservation_specification": [
              {
                "capacity_reservation_preference": "open",
                "capacity_reservation_target": []
              }
            ],
            "cpu_core_count": 1,
            "cpu_options": [
              {
                "amd_sev_snp": "",
                "core_count": 1,
                "threads_per_core": 1
              }
            ],
            "cpu_threads_per_core": 1,
            "credit_specification": [
              {
                "cpu_credits": "standard"
              }
            ],
            "disable_api_stop": false,
            "disable_api_termination": false,
            "ebs_block_device": [],
            "ebs_optimized": false,
            "enable_primary_ipv6": null,
            "enclave_options": [
              {
                "enabled": false
              }
            ],
            "ephemeral_block_device": [],
            "get_password_data": false,
            "hibernation": false,
            "host_id": "",
            "host_resource_group_arn": null,
            "iam_instance_profile": "lti-recruiter-ec2-instance-profile",
            "id": "i-04e359b34e5a33b83",
            "instance_initiated_shutdown_behavior": "stop",
            "instance_lifecycle": "",
            "instance_market_options": [],
            "instance_state": "running",
            "instance_type": "t2.micro",
            "ipv6_address_count": 0,
            "ipv6_addresses": [],
            "key_name": "",
            "launch_template": [],
            "maintenance_options": [
              {
                "auto_recovery": "default"
              }
            ],
            "metadata_options": [
              {
                "http_endpoint": "enabled",
                "http_protocol_ipv6": "disabled",
                "http_put_response_hop_limit": 1,
                "http_tokens": "optional",
                "instance_metadata_tags": "disabled"
              }
            ],
            "monitoring": false,
            "network_interface": [],
            "outpost_arn": "",
            "password_data": "",
            "placement_group": "",
            "placement_partition_number": 0,
            "primary_network_interface_id": "eni-062efc493235612af",
            "private_dns": "ip-172-31-82-208.ec2.internal",
            "private_dns_name_options": [
              {
                "enable_resource_name_dns_a_record": false,
                "enable_resource_name_dns_aaaa_record": false,
                "hostname_type": "ip-name"
              }
            ],
            "private_ip": "172.31.82.208",
            "public_dns": "ec2-54-211-129-205.compute-1.amazonaws.com",
            "public_ip": "54.211.129.205",
            "root_block_device": [
              {
                "delete_on_termination": true,
                "device_name": "/dev/xvda",
                "encrypted": false,
                "iops": 100,
                "kms_key_id": "",
                "tags": {},
                "tags_all": {},
                "throughput": 0,
                "volume_id": "vol-0949fedf81862e227",
                "volume_size": 8,
                "volume_type": "gp2"
              }
            ],
            "secondary_private_ips": [],
            "security_groups": [
              "lti-recruiter-frontend-sg"
            ],
            "source_dest_check": true,
            "spot_instance_request_id": "",
            "subnet_id": "subnet-064f6605c6acd2d6d",
            "tags": {
              "ForceRecreate": "true",
              "Name": "lti-recruiter-frontend"
            },
            "tags_all": {
              "ForceRecreate": "true",
              "Name": "lti-recruiter-frontend"
            },
            "tenancy": "default",
            "timeouts": null,
            "user_data": "5715a694a56fa2d7fb969e31e71084b2e2078ae2",
            "user_data_base64": null,
            "user_data_replace_on_change": false,
            "volume_tags": null,
            "vpc_security_group_ids": [
              "sg-088467a736c2e4c63"
            ]
          },
          "sensitive_attributes": [],
          "private": "eyJlMmJmYjczMC1lY2FhLTExZTYtOGY4OC0zNDM2M2JjN2M0YzAiOnsiY3JlYXRlIjo2MDAwMDAwMDAwMDAsImRlbGV0ZSI6MTIwMDAwMDAwMDAwMCwicmVhZCI6OTAwMDAwMDAwMDAwLCJ1cGRhdGUiOjYwMDAwMDAwMDAwMH0sInNjaGVtYV92ZXJzaW9uIjoiMSJ9",
          "dependencies": [
            "aws_iam_instance_profile.ec2_instance_profile",
            "aws_instance.backend",
            "aws_security_group.backend_sg",
            "aws_security_group.frontend_sg"
          ]
        }
      ]
    },
    {
      "mode": "managed",
      "type": "aws_instance",
      "name": "test_server",
      "provider": "provider[\"registry.terraform.io/hashicorp/aws\"]",
      "instances": [
        {
          "schema_version": 1,
          "attributes": {
            "ami": "ami-09f4814ae750baed6",
            "arn": "arn:aws:ec2:us-east-1:006217752970:instance/i-022558c4f0400a314",
            "associate_public_ip_address": true,
            "availability_zone": "us-east-1d",
            "capacity_reservation_specification": [
              {
                "capacity_reservation_preference": "open",
                "capacity_reservation_target": []
              }
            ],
            "cpu_core_count": 1,
            "cpu_options": [
              {
                "amd_sev_snp": "",
                "core_count": 1,
                "threads_per_core": 1
              }
            ],
            "cpu_threads_per_core": 1,
            "credit_specification": [
              {
                "cpu_credits": "standard"
              }
            ],
            "disable_api_stop": false,
            "disable_api_termination": false,
            "ebs_block_device": [],
            "ebs_optimized": false,
            "enable_primary_ipv6": null,
            "enclave_options": [
              {
                "enabled": false
              }
            ],
            "ephemeral_block_device": [],
            "get_password_data": false,
            "hibernation": false,
            "host_id": "",
            "host_resource_group_arn": null,
            "iam_instance_profile": "",
            "id": "i-022558c4f0400a314",
            "instance_initiated_shutdown_behavior": "stop",
            "instance_lifecycle": "",
            "instance_market_options": [],
            "instance_state": "running",
            "instance_type": "t2.micro",
            "ipv6_address_count": 0,
            "ipv6_addresses": [],
            "key_name": "",
            "launch_template": [],
            "maintenance_options": [
              {
                "auto_recovery": "default"
              }
            ],
            "metadata_options": [
              {
                "http_endpoint": "enabled",
                "http_protocol_ipv6": "disabled",
                "http_put_response_hop_limit": 1,
                "http_tokens": "optional",
                "instance_metadata_tags": "disabled"
              }
            ],
            "monitoring": false,
            "network_interface": [],
            "outpost_arn": "",
            "password_data": "",
            "placement_group": "",
            "placement_partition_number": 0,
            "primary_network_interface_id": "eni-01c56a9079193cefc",
            "private_dns": "ip-172-31-90-80.ec2.internal",
            "private_dns_name_options": [
              {
                "enable_resource_name_dns_a_record": false,
                "enable_resource_name_dns_aaaa_record": false,
                "hostname_type": "ip-name"
              }
            ],
            "private_ip": "172.31.90.80",
            "public_dns": "ec2-34-238-247-150.compute-1.amazonaws.com",
            "public_ip": "34.238.247.150",
            "root_block_device": [
              {
                "delete_on_termination": true,
                "device_name": "/dev/xvda",
                "encrypted": false,
                "iops": 100,
                "kms_key_id": "",
                "tags": {},
                "tags_all": {},
                "throughput": 0,
                "volume_id": "vol-072c273c105ad0797",
                "volume_size": 8,
                "volume_type": "gp2"
              }
            ],
            "secondary_private_ips": [],
            "security_groups": [
              "lti-recruiter-frontend-sg"
            ],
            "source_dest_check": true,
            "spot_instance_request_id": "",
            "subnet_id": "subnet-064f6605c6acd2d6d",
            "tags": {
              "Name": "test-server"
            },
            "tags_all": {
              "Name": "test-server"
            },
            "tenancy": "default",
            "timeouts": null,
            "user_data": "e48181d6027b55ea7aa755e2ccde50349b04a9ec",
            "user_data_base64": null,
            "user_data_replace_on_change": false,
            "volume_tags": null,
            "vpc_security_group_ids": [
              "sg-088467a736c2e4c63"
            ]
          },
          "sensitive_attributes": [],
          "private": "eyJlMmJmYjczMC1lY2FhLTExZTYtOGY4OC0zNDM2M2JjN2M0YzAiOnsiY3JlYXRlIjo2MDAwMDAwMDAwMDAsImRlbGV0ZSI6MTIwMDAwMDAwMDAwMCwicmVhZCI6OTAwMDAwMDAwMDAwLCJ1cGRhdGUiOjYwMDAwMDAwMDAwMH0sInNjaGVtYV92ZXJzaW9uIjoiMSJ9",
          "dependencies": [
            "aws_security_group.frontend_sg"
          ]
        }
      ]
    },
    {
      "mode": "managed",
      "type": "aws_s3_bucket",
      "name": "code_bucket",
      "provider": "provider[\"registry.terraform.io/hashicorp/aws\"]",
      "instances": [
        {
          "schema_version": 0,
          "attributes": {
            "acceleration_status": "",
            "acl": null,
            "arn": "arn:aws:s3:::lti-recruiter-code-bucket-unique",
            "bucket": "lti-recruiter-code-bucket-unique",
            "bucket_domain_name": "lti-recruiter-code-bucket-unique.s3.amazonaws.com",
            "bucket_prefix": "",
            "bucket_regional_domain_name": "lti-recruiter-code-bucket-unique.s3.us-east-1.amazonaws.com",
            "cors_rule": [],
            "force_destroy": false,
            "grant": [
              {
                "id": "3fd025719dd2b751ceb2326c5dff7665d7eec923985cf93f89831732e53263e1",
                "permissions": [
                  "FULL_CONTROL"
                ],
                "type": "CanonicalUser",
                "uri": ""
              }
            ],
            "hosted_zone_id": "Z3AQBSTGFYJSTF",
            "id": "lti-recruiter-code-bucket-unique",
            "lifecycle_rule": [],
            "logging": [],
            "object_lock_configuration": [],
            "object_lock_enabled": false,
            "policy": "",
            "region": "us-east-1",
            "replication_configuration": [],
            "request_payer": "BucketOwner",
            "server_side_encryption_configuration": [
              {
                "rule": [
                  {
                    "apply_server_side_encryption_by_default": [
                      {
                        "kms_master_key_id": "",
                        "sse_algorithm": "AES256"
                      }
                    ],
                    "bucket_key_enabled": false
                  }
                ]
              }
            ],
            "tags": {},
            "tags_all": {},
            "timeouts": null,
            "versioning": [
              {
                "enabled": false,
                "mfa_delete": false
              }
            ],
            "website": [],
            "website_domain": null,
            "website_endpoint": null
          },
          "sensitive_attributes": [],
          "private": "eyJlMmJmYjczMC1lY2FhLTExZTYtOGY4OC0zNDM2M2JjN2M0YzAiOnsiY3JlYXRlIjoxMjAwMDAwMDAwMDAwLCJkZWxldGUiOjM2MDAwMDAwMDAwMDAsInJlYWQiOjEyMDAwMDAwMDAwMDAsInVwZGF0ZSI6MTIwMDAwMDAwMDAwMH19"
        }
      ]
    },
    {
      "mode": "managed",
      "type": "aws_s3_bucket_acl",
      "name": "code_bucket_acl",
      "provider": "provider[\"registry.terraform.io/hashicorp/aws\"]",
      "instances": [
        {
          "schema_version": 0,
          "attributes": {
            "access_control_policy": [
              {
                "grant": [
                  {
                    "grantee": [
                      {
                        "display_name": "andrea_gelsomino",
                        "email_address": "",
                        "id": "3fd025719dd2b751ceb2326c5dff7665d7eec923985cf93f89831732e53263e1",
                        "type": "CanonicalUser",
                        "uri": ""
                      }
                    ],
                    "permission": "FULL_CONTROL"
                  }
                ],
                "owner": [
                  {
                    "display_name": "andrea_gelsomino",
                    "id": "3fd025719dd2b751ceb2326c5dff7665d7eec923985cf93f89831732e53263e1"
                  }
                ]
              }
            ],
            "acl": "private",
            "bucket": "lti-recruiter-code-bucket-unique",
            "expected_bucket_owner": "",
            "id": "lti-recruiter-code-bucket-unique,private"
          },
          "sensitive_attributes": [],
          "private": "bnVsbA==",
          "dependencies": [
            "aws_s3_bucket.code_bucket",
            "aws_s3_bucket_ownership_controls.code_bucket_ownership"
          ]
        }
      ]
    },
    {
      "mode": "managed",
      "type": "aws_s3_bucket_ownership_controls",
      "name": "code_bucket_ownership",
      "provider": "provider[\"registry.terraform.io/hashicorp/aws\"]",
      "instances": [
        {
          "schema_version": 0,
          "attributes": {
            "bucket": "lti-recruiter-code-bucket-unique",
            "id": "lti-recruiter-code-bucket-unique",
            "rule": [
              {
                "object_ownership": "BucketOwnerPreferred"
              }
            ]
          },
          "sensitive_attributes": [],
          "private": "bnVsbA==",
          "dependencies": [
            "aws_s3_bucket.code_bucket"
          ]
        }
      ]
    },
    {
      "mode": "managed",
      "type": "aws_s3_object",
      "name": "backend_zip",
      "provider": "provider[\"registry.terraform.io/hashicorp/aws\"]",
      "instances": [
        {
          "schema_version": 0,
          "attributes": {
            "acl": null,
            "arn": "arn:aws:s3:::lti-recruiter-code-bucket-unique/backend.zip",
            "bucket": "lti-recruiter-code-bucket-unique",
            "bucket_key_enabled": false,
            "cache_control": "",
            "checksum_algorithm": null,
            "checksum_crc32": "",
            "checksum_crc32c": "",
            "checksum_crc64nvme": "",
            "checksum_sha1": "",
            "checksum_sha256": "",
            "content": null,
            "content_base64": null,
            "content_disposition": "",
            "content_encoding": "",
            "content_language": "",
            "content_type": "application/octet-stream",
            "etag": "176d90a6beb09b4e36c7b43cf2c268e1",
            "force_destroy": false,
            "id": "backend.zip",
            "key": "backend.zip",
            "kms_key_id": null,
            "metadata": {},
            "object_lock_legal_hold_status": "",
            "object_lock_mode": "",
            "object_lock_retain_until_date": "",
            "override_provider": [],
            "server_side_encryption": "AES256",
            "source": "./../backend.zip",
            "source_hash": null,
            "storage_class": "STANDARD",
            "tags": {},
            "tags_all": {},
            "version_id": "",
            "website_redirect": ""
          },
          "sensitive_attributes": [],
          "private": "bnVsbA==",
          "dependencies": [
            "aws_s3_bucket.code_bucket"
          ]
        }
      ]
    },
    {
      "mode": "managed",
      "type": "aws_s3_object",
      "name": "frontend_zip",
      "provider": "provider[\"registry.terraform.io/hashicorp/aws\"]",
      "instances": [
        {
          "schema_version": 0,
          "attributes": {
            "acl": null,
            "arn": "arn:aws:s3:::lti-recruiter-code-bucket-unique/frontend.zip",
            "bucket": "lti-recruiter-code-bucket-unique",
            "bucket_key_enabled": false,
            "cache_control": "",
            "checksum_algorithm": null,
            "checksum_crc32": "",
            "checksum_crc32c": "",
            "checksum_crc64nvme": "",
            "checksum_sha1": "",
            "checksum_sha256": "",
            "content": null,
            "content_base64": null,
            "content_disposition": "",
            "content_encoding": "",
            "content_language": "",
            "content_type": "application/octet-stream",
            "etag": "f1cd689883352a55b3bfc9ece4580b5c",
            "force_destroy": false,
            "id": "frontend.zip",
            "key": "frontend.zip",
            "kms_key_id": null,
            "metadata": {},
            "object_lock_legal_hold_status": "",
            "object_lock_mode": "",
            "object_lock_retain_until_date": "",
            "override_provider": [],
            "server_side_encryption": "AES256",
            "source": "./../frontend.zip",
            "source_hash": null,
            "storage_class": "STANDARD",
            "tags": {},
            "tags_all": {},
            "version_id": "",
            "website_redirect": ""
          },
          "sensitive_attributes": [],
          "private": "bnVsbA==",
          "dependencies": [
            "aws_s3_bucket.code_bucket"
          ]
        }
      ]
    },
    {
      "mode": "managed",
      "type": "aws_security_group",
      "name": "backend_sg",
      "provider": "provider[\"registry.terraform.io/hashicorp/aws\"]",
      "instances": [
        {
          "schema_version": 1,
          "attributes": {
            "arn": "arn:aws:ec2:us-east-1:006217752970:security-group/sg-0cb5c3cc8b78ff13b",
            "description": "Allow HTTP (8080) and SSH access",
            "egress": [
              {
                "cidr_blocks": [
                  "0.0.0.0/0"
                ],
                "description": "Allow all outbound traffic",
                "from_port": 0,
                "ipv6_cidr_blocks": [],
                "prefix_list_ids": [],
                "protocol": "-1",
                "security_groups": [],
                "self": false,
                "to_port": 0
              }
            ],
            "id": "sg-0cb5c3cc8b78ff13b",
            "ingress": [
              {
                "cidr_blocks": [
                  "0.0.0.0/0"
                ],
                "description": "Backend app access",
                "from_port": 8080,
                "ipv6_cidr_blocks": [],
                "prefix_list_ids": [],
                "protocol": "tcp",
                "security_groups": [],
                "self": false,
                "to_port": 8080
              },
              {
                "cidr_blocks": [
                  "0.0.0.0/0"
                ],
                "description": "SSH access",
                "from_port": 22,
                "ipv6_cidr_blocks": [],
                "prefix_list_ids": [],
                "protocol": "tcp",
                "security_groups": [],
                "self": false,
                "to_port": 22
              }
            ],
            "name": "lti-recruiter-backend-sg",
            "name_prefix": "",
            "owner_id": "006217752970",
            "revoke_rules_on_delete": false,
            "tags": {
              "Name": "lti-recruiter-backend-sg"
            },
            "tags_all": {
              "Name": "lti-recruiter-backend-sg"
            },
            "timeouts": null,
            "vpc_id": "vpc-06ab86a4c7eb298a1"
          },
          "sensitive_attributes": [],
          "private": "eyJlMmJmYjczMC1lY2FhLTExZTYtOGY4OC0zNDM2M2JjN2M0YzAiOnsiY3JlYXRlIjo2MDAwMDAwMDAwMDAsImRlbGV0ZSI6OTAwMDAwMDAwMDAwfSwic2NoZW1hX3ZlcnNpb24iOiIxIn0="
        }
      ]
    },
    {
      "mode": "managed",
      "type": "aws_security_group",
      "name": "frontend_sg",
      "provider": "provider[\"registry.terraform.io/hashicorp/aws\"]",
      "instances": [
        {
          "schema_version": 1,
          "attributes": {
            "arn": "arn:aws:ec2:us-east-1:006217752970:security-group/sg-088467a736c2e4c63",
            "description": "Allow HTTP (3000) and SSH access",
            "egress": [
              {
                "cidr_blocks": [
                  "0.0.0.0/0"
                ],
                "description": "Allow all outbound traffic",
                "from_port": 0,
                "ipv6_cidr_blocks": [],
                "prefix_list_ids": [],
                "protocol": "-1",
                "security_groups": [],
                "self": false,
                "to_port": 0
              }
            ],
            "id": "sg-088467a736c2e4c63",
            "ingress": [
              {
                "cidr_blocks": [
                  "0.0.0.0/0"
                ],
                "description": "Frontend app access",
                "from_port": 3000,
                "ipv6_cidr_blocks": [],
                "prefix_list_ids": [],
                "protocol": "tcp",
                "security_groups": [],
                "self": false,
                "to_port": 3000
              },
              {
                "cidr_blocks": [
                  "0.0.0.0/0"
                ],
                "description": "HTTP access",
                "from_port": 80,
                "ipv6_cidr_blocks": [],
                "prefix_list_ids": [],
                "protocol": "tcp",
                "security_groups": [],
                "self": false,
                "to_port": 80
              },
              {
                "cidr_blocks": [
                  "0.0.0.0/0"
                ],
                "description": "SSH access",
                "from_port": 22,
                "ipv6_cidr_blocks": [],
                "prefix_list_ids": [],
                "protocol": "tcp",
                "security_groups": [],
                "self": false,
                "to_port": 22
              }
            ],
            "name": "lti-recruiter-frontend-sg",
            "name_prefix": "",
            "owner_id": "006217752970",
            "revoke_rules_on_delete": false,
            "tags": {
              "Name": "lti-recruiter-frontend-sg"
            },
            "tags_all": {
              "Name": "lti-recruiter-frontend-sg"
            },
            "timeouts": null,
            "vpc_id": "vpc-06ab86a4c7eb298a1"
          },
          "sensitive_attributes": [],
          "private": "eyJlMmJmYjczMC1lY2FhLTExZTYtOGY4OC0zNDM2M2JjN2M0YzAiOnsiY3JlYXRlIjo2MDAwMDAwMDAwMDAsImRlbGV0ZSI6OTAwMDAwMDAwMDAwfSwic2NoZW1hX3ZlcnNpb24iOiIxIn0="
        }
      ]
    },
    {
      "mode": "managed",
      "type": "random_string",
      "name": "datadog_external_id",
      "provider": "provider[\"registry.terraform.io/hashicorp/random\"]",
      "instances": [
        {
          "schema_version": 2,
          "attributes": {
            "id": "FVvWwgjFfQRckOAnRugR4OPLuRgOU1fD",
            "keepers": null,
            "length": 32,
            "lower": true,
            "min_lower": 0,
            "min_numeric": 0,
            "min_special": 0,
            "min_upper": 0,
            "number": true,
            "numeric": true,
            "override_special": null,
            "result": "FVvWwgjFfQRckOAnRugR4OPLuRgOU1fD",
            "special": false,
            "upper": true
          },
          "sensitive_attributes": []
        }
      ]
    }
  ],
  "check_results": null
}
